
Microsoft Visual Studio Solution File, Format Version 12.00
# Visual Studio Version 17
VisualStudioVersion = 17.5.33530.505
MinimumVisualStudioVersion = 10.0.40219.1
Project("{9A19103F-16F7-4668-BE54-9A1E7A4F7556}") = "lojaN-1Application.API", "lojaN-1Application.API\lojaN-1Application.API.csproj", "{3DB9D7AC-7B95-44F3-821A-360C01866E80}"
EndProject
Project("{E53339B2-1760-4266-BCC7-CA923CBCF16C}") = "docker-compose", "docker-compose.dcproj", "{081CBE6C-E2B9-40E0-8320-3DA4A0A1482D}"
EndProject
Global
	GlobalSection(SolutionConfigurationPlatforms) = preSolution
		Debug|Any CPU = Debug|Any CPU
		Release|Any CPU = Release|Any CPU
	EndGlobalSection
	GlobalSection(ProjectConfigurationPlatforms) = postSolution
		{3DB9D7AC-7B95-44F3-821A-360C01866E80}.Debug|Any CPU.ActiveCfg = Debug|Any CPU
		{3DB9D7AC-7B95-44F3-821A-360C01866E80}.Debug|Any CPU.Build.0 = Debug|Any CPU
		{3DB9D7AC-7B95-44F3-821A-360C01866E80}.Release|Any CPU.ActiveCfg = Release|Any CPU
		{3DB9D7AC-7B95-44F3-821A-360C01866E80}.Release|Any CPU.Build.0 = Release|Any CPU
		{081CBE6C-E2B9-40E0-8320-3DA4A0A1482D}.Debug|Any CPU.ActiveCfg = Debug|Any CPU
		{081CBE6C-E2B9-40E0-8320-3DA4A0A1482D}.Debug|Any CPU.Build.0 = Debug|Any CPU
		{081CBE6C-E2B9-40E0-8320-3DA4A0A1482D}.Release|Any CPU.ActiveCfg = Release|Any CPU
		{081CBE6C-E2B9-40E0-8320-3DA4A0A1482D}.Release|Any CPU.Build.0 = Release|Any CPU
	EndGlobalSection
	GlobalSection(SolutionProperties) = preSolution
		HideSolutionNode = FALSE
	EndGlobalSection
	GlobalSection(ExtensibilityGlobals) = postSolution
		SolutionGuid = {606A9A04-E497-49A0-A7F1-E144E83B7CC4}
	EndGlobalSection
EndGlobal
